{
  "version": 4,
  "terraform_version": "1.13.2",
  "serial": 17,
  "lineage": "d7f7dbe4-e050-2fb3-480f-8f4e55ea25ef",
  "outputs": {},
  "resources": [
    {
      "mode": "data",
      "type": "azurerm_billing_enrollment_account_scope",
      "name": "billing",
      "provider": "provider[\"registry.terraform.io/hashicorp/azurerm\"]",
      "instances": [
        {
          "schema_version": 0,
          "attributes": {
            "billing_account_name": "Sudheer Yelleti",
            "enrollment_account_name": "Sudheer Yelleti",
            "id": "/providers/Microsoft.Billing/billingAccounts/Sudheer Yelleti/enrollmentAccounts/Sudheer Yelleti",
            "timeouts": null
          },
          "sensitive_attributes": [],
          "identity_schema_version": 0
        }
      ]
    },
    {
      "mode": "data",
      "type": "azurerm_client_config",
      "name": "current",
      "provider": "provider[\"registry.terraform.io/hashicorp/azurerm\"]",
      "instances": [
        {
          "schema_version": 0,
          "attributes": {
            "client_id": "04b07795-8ddb-461a-bbee-02f9e1bf7b46",
            "id": "Y2xpZW50Q29uZmlncy9jbGllbnRJZD0wNGIwNzc5NS04ZGRiLTQ2MWEtYmJlZS0wMmY5ZTFiZjdiNDY7b2JqZWN0SWQ9ZWRkYmUzYjMtZTA3Yi00YmEyLTkwNTQtZGEzOTFkOGQyYWM4O3N1YnNjcmlwdGlvbklkPTgzNjJhODY0LTFhOGItNDllNy04NmMxLTljZmRmODg1MGIzMzt0ZW5hbnRJZD1kMTk3N2RjMi02NmI1LTRkNzgtYmE4MC0xMWFhOWJjMDM4Mjk=",
            "object_id": "eddbe3b3-e07b-4ba2-9054-da391d8d2ac8",
            "subscription_id": "8362a864-1a8b-49e7-86c1-9cfdf8850b33",
            "tenant_id": "d1977dc2-66b5-4d78-ba80-11aa9bc03829",
            "timeouts": null
          },
          "sensitive_attributes": [],
          "identity_schema_version": 0
        }
      ]
    },
    {
      "mode": "managed",
      "type": "azurerm_management_group",
      "name": "management_groups",
      "provider": "provider[\"registry.terraform.io/hashicorp/azurerm\"]",
      "instances": [
        {
          "index_key": "dev",
          "schema_version": 0,
          "attributes": {
            "display_name": "cloud-resume-challenge-dev",
            "id": "/providers/Microsoft.Management/managementGroups/61f35839-3699-402c-bccf-c1184da502b2",
            "name": "61f35839-3699-402c-bccf-c1184da502b2",
            "parent_management_group_id": "/providers/Microsoft.Management/managementGroups/d1977dc2-66b5-4d78-ba80-11aa9bc03829",
            "subscription_ids": [],
            "tenant_scoped_id": "/tenants/d1977dc2-66b5-4d78-ba80-11aa9bc03829/providers/Microsoft.Management/managementGroups/61f35839-3699-402c-bccf-c1184da502b2",
            "timeouts": null
          },
          "sensitive_attributes": [],
          "identity_schema_version": 0,
          "private": "eyJlMmJmYjczMC1lY2FhLTExZTYtOGY4OC0zNDM2M2JjN2M0YzAiOnsiY3JlYXRlIjoxODAwMDAwMDAwMDAwLCJkZWxldGUiOjE4MDAwMDAwMDAwMDAsInJlYWQiOjMwMDAwMDAwMDAwMCwidXBkYXRlIjoxODAwMDAwMDAwMDAwfX0="
        },
        {
          "index_key": "prod",
          "schema_version": 0,
          "attributes": {
            "display_name": "cloud-resume-challenge-prod",
            "id": "/providers/Microsoft.Management/managementGroups/540c0d1c-86b9-4ad3-87b7-d6867d9e8135",
            "name": "540c0d1c-86b9-4ad3-87b7-d6867d9e8135",
            "parent_management_group_id": "/providers/Microsoft.Management/managementGroups/d1977dc2-66b5-4d78-ba80-11aa9bc03829",
            "subscription_ids": [],
            "tenant_scoped_id": "/tenants/d1977dc2-66b5-4d78-ba80-11aa9bc03829/providers/Microsoft.Management/managementGroups/540c0d1c-86b9-4ad3-87b7-d6867d9e8135",
            "timeouts": null
          },
          "sensitive_attributes": [],
          "identity_schema_version": 0,
          "private": "eyJlMmJmYjczMC1lY2FhLTExZTYtOGY4OC0zNDM2M2JjN2M0YzAiOnsiY3JlYXRlIjoxODAwMDAwMDAwMDAwLCJkZWxldGUiOjE4MDAwMDAwMDAwMDAsInJlYWQiOjMwMDAwMDAwMDAwMCwidXBkYXRlIjoxODAwMDAwMDAwMDAwfX0="
        }
      ]
    }
  ],
  "check_results": null
}
